{
  "name": "create-type-definition",
  "version": "1.0.0",
  "lockfileVersion": 1,
  "requires": true,
  "dependencies": {
    "@types/node": {
      "version": "12.12.29",
      "resolved": "https://registry.npmjs.org/@types/node/-/node-12.12.29.tgz",
      "integrity": "sha512-yo8Qz0ygADGFptISDj3pOC9wXfln/5pQaN/ysDIzOaAWXt73cNHmtEC8zSO2Y+kse/txmwIAJzkYZ5fooaS5DQ==",
      "dev": true
    },
    "typescript": {
      "version": "3.8.3",
      "resolved": "https://registry.npmjs.org/typescript/-/typescript-3.8.3.tgz",
      "integrity": "sha512-MYlEfn5VrLNsgudQTVJeNaQFUAI7DkhnOjdpAp4T+ku1TfQClewlbSuTVHiA+8skNBgaf02TL/kLOvig4y3G8w==",
      "dev": true
    }
  }
}
